// !$*UTF8*$!
{
	archiveVersion = 1;
	classes = {
	};
	objectVersion = 46;
	objects = {

/* Begin PBXBuildFile section */
		03A883FC1B7E314600E748F5 /* AppDelegate.swift in Sources */ = {isa = PBXBuildFile; fileRef = 03A883FB1B7E314600E748F5 /* AppDelegate.swift */; };
		03A883FE1B7E314600E748F5 /* ViewController.swift in Sources */ = {isa = PBXBuildFile; fileRef = 03A883FD1B7E314600E748F5 /* ViewController.swift */; };
		03A884011B7E314600E748F5 /* Main.storyboard in Resources */ = {isa = PBXBuildFile; fileRef = 03A883FF1B7E314600E748F5 /* Main.storyboard */; };
		03A884031B7E314600E748F5 /* Images.xcassets in Resources */ = {isa = PBXBuildFile; fileRef = 03A884021B7E314600E748F5 /* Images.xcassets */; };
		03A884061B7E314600E748F5 /* LaunchScreen.xib in Resources */ = {isa = PBXBuildFile; fileRef = 03A884041B7E314600E748F5 /* LaunchScreen.xib */; };
		03A884121B7E314600E748F5 /* BooksAndMoviesTests.swift in Sources */ = {isa = PBXBuildFile; fileRef = 03A884111B7E314600E748F5 /* BooksAndMoviesTests.swift */; };
/* End PBXBuildFile section */

/* Begin PBXContainerItemProxy section */
		03A8840C1B7E314600E748F5 /* PBXContainerItemProxy */ = {
			isa = PBXContainerItemProxy;
			containerPortal = 03A883EE1B7E314600E748F5 /* Project object */;
			proxyType = 1;
			remoteGlobalIDString = 03A883F51B7E314600E748F5;
			remoteInfo = BooksAndMovies;
		};
/* End PBXContainerItemProxy section */

/* Begin PBXFileReference section */
		03A883F61B7E314600E748F5 /* BooksAndMovies.app */ = {isa = PBXFileReference; explicitFileType = wrapper.application; includeInIndex = 0; path = BooksAndMovies.app; sourceTree = BUILT_PRODUCTS_DIR; };
		03A883FA1B7E314600E748F5 /* Info.plist */ = {isa = PBXFileReference; lastKnownFileType = text.plist.xml; path = Info.plist; sourceTree = "<group>"; };
		03A883FB1B7E314600E748F5 /* AppDelegate.swift */ = {isa = PBXFileReference; lastKnownFileType = sourcecode.swift; path = AppDelegate.swift; sourceTree = "<group>"; };
		03A883FD1B7E314600E748F5 /* ViewController.swift */ = {isa = PBXFileReference; lastKnownFileType = sourcecode.swift; path = ViewController.swift; sourceTree = "<group>"; };
		03A884001B7E314600E748F5 /* Base */ = {isa = PBXFileReference; lastKnownFileType = file.storyboard; name = Base; path = Base.lproj/Main.storyboard; sourceTree = "<group>"; };
		03A884021B7E314600E748F5 /* Images.xcassets */ = {isa = PBXFileReference; lastKnownFileType = folder.assetcatalog; path = Images.xcassets; sourceTree = "<group>"; };
		03A884051B7E314600E748F5 /* Base */ = {isa = PBXFileReference; lastKnownFileType = file.xib; name = Base; path = Base.lproj/LaunchScreen.xib; sourceTree = "<group>"; };
		03A8840B1B7E314600E748F5 /* BooksAndMoviesTests.xctest */ = {isa = PBXFileReference; explicitFileType = wrapper.cfbundle; includeInIndex = 0; path = BooksAndMoviesTests.xctest; sourceTree = BUILT_PRODUCTS_DIR; };
		03A884101B7E314600E748F5 /* Info.plist */ = {isa = PBXFileReference; lastKnownFileType = text.plist.xml; path = Info.plist; sourceTree = "<group>"; };
		03A884111B7E314600E748F5 /* BooksAndMoviesTests.swift */ = {isa = PBXFileReference; lastKnownFileType = sourcecode.swift; path = BooksAndMoviesTests.swift; sourceTree = "<group>"; };
/* End PBXFileReference section */

/* Begin PBXFrameworksBuildPhase section */
		03A883F31B7E314600E748F5 /* Frameworks */ = {
			isa = PBXFrameworksBuildPhase;
			buildActionMask = 2147483647;
			files = (
			);
			runOnlyForDeploymentPostprocessing = 0;
		};
		03A884081B7E314600E748F5 /* Frameworks */ = {
			isa = PBXFrameworksBuildPhase;
			buildActionMask = 2147483647;
			files = (
			);
			runOnlyForDeploymentPostprocessing = 0;
		};
/* End PBXFrameworksBuildPhase section */

/* Begin PBXGroup section */
		03A883ED1B7E314600E748F5 = {
			isa = PBXGroup;
			children = (
				03A883F81B7E314600E748F5 /* BooksAndMovies */,
				03A8840E1B7E314600E748F5 /* BooksAndMoviesTests */,
				03A883F71B7E314600E748F5 /* Products */,
			);
			sourceTree = "<group>";
		};
		03A883F71B7E314600E748F5 /* Products */ = {
			isa = PBXGroup;
			children = (
				03A883F61B7E314600E748F5 /* BooksAndMovies.app */,
				03A8840B1B7E314600E748F5 /* BooksAndMoviesTests.xctest */,
			);
			name = Products;
			sourceTree = "<group>";
		};
		03A883F81B7E314600E748F5 /* BooksAndMovies */ = {
			isa = PBXGroup;
			children = (
				03A883FB1B7E314600E748F5 /* AppDelegate.swift */,
				03A883FD1B7E314600E748F5 /* ViewController.swift */,
				03A883FF1B7E314600E748F5 /* Main.storyboard */,
				03A884021B7E314600E748F5 /* Images.xcassets */,
				03A884041B7E314600E748F5 /* LaunchScreen.xib */,
				03A883F91B7E314600E748F5 /* Supporting Files */,
			);
			path = BooksAndMovies;
			sourceTree = "<group>";
		};
		03A883F91B7E314600E748F5 /* Supporting Files */ = {
			isa = PBXGroup;
			children = (
				03A883FA1B7E314600E748F5 /* Info.plist */,
			);
			name = "Supporting Files";
			sourceTree = "<group>";
		};
		03A8840E1B7E314600E748F5 /* BooksAndMoviesTests */ = {
			isa = PBXGroup;
			children = (
				03A884111B7E314600E748F5 /* BooksAndMoviesTests.swift */,
				03A8840F1B7E314600E748F5 /* Supporting Files */,
			);
			path = BooksAndMoviesTests;
			sourceTree = "<group>";
		};
		03A8840F1B7E314600E748F5 /* Supporting Files */ = {
			isa = PBXGroup;
			children = (
				03A884101B7E314600E748F5 /* Info.plist */,
			);
			name = "Supporting Files";
			sourceTree = "<group>";
		};
/* End PBXGroup section */

/* Begin PBXNativeTarget section */
		03A883F51B7E314600E748F5 /* BooksAndMovies */ = {
			isa = PBXNativeTarget;
			buildConfigurationList = 03A884151B7E314600E748F5 /* Build configuration list for PBXNativeTarget "BooksAndMovies" */;
			buildPhases = (
				03A883F21B7E314600E748F5 /* Sources */,
				03A883F31B7E314600E748F5 /* Frameworks */,
				03A883F41B7E314600E748F5 /* Resources */,
			);
			buildRules = (
			);
			dependencies = (
			);
			name = BooksAndMovies;
			productName = BooksAndMovies;
			productReference = 03A883F61B7E314600E748F5 /* BooksAndMovies.app */;
			productType = "com.apple.product-type.application";
		};
		03A8840A1B7E314600E748F5 /* BooksAndMoviesTests */ = {
			isa = PBXNativeTarget;
			buildConfigurationList = 03A884181B7E314600E748F5 /* Build configuration list for PBXNativeTarget "BooksAndMoviesTests" */;
			buildPhases = (
				03A884071B7E314600E748F5 /* Sources */,
				03A884081B7E314600E748F5 /* Frameworks */,
				03A884091B7E314600E748F5 /* Resources */,
			);
			buildRules = (
			);
			dependencies = (
				03A8840D1B7E314600E748F5 /* PBXTargetDependency */,
			);
			name = BooksAndMoviesTests;
			productName = BooksAndMoviesTests;
			productReference = 03A8840B1B7E314600E748F5 /* BooksAndMoviesTests.xctest */;
			productType = "com.apple.product-type.bundle.unit-test";
		};
/* End PBXNativeTarget section */

/* Begin PBXProject section */
		03A883EE1B7E314600E748F5 /* Project object */ = {
			isa = PBXProject;
			attributes = {
				LastUpgradeCheck = 0640;
				ORGANIZATIONNAME = "Roadfire Software";
				TargetAttributes = {
					03A883F51B7E314600E748F5 = {
						CreatedOnToolsVersion = 6.4;
					};
					03A8840A1B7E314600E748F5 = {
						CreatedOnToolsVersion = 6.4;
						TestTargetID = 03A883F51B7E314600E748F5;
					};
				};
			};
			buildConfigurationList = 03A883F11B7E314600E748F5 /* Build configuration list for PBXProject "BooksAndMovies" */;
			compatibilityVersion = "Xcode 3.2";
			developmentRegion = English;
			hasScannedForEncodings = 0;
			knownRegions = (
				en,
				Base,
			);
			mainGroup = 03A883ED1B7E314600E748F5;
			productRefGroup = 03A883F71B7E314600E748F5 /* Products */;
			projectDirPath = "";
			projectRoot = "";
			targets = (
				03A883F51B7E314600E748F5 /* BooksAndMovies */,
				03A8840A1B7E314600E748F5 /* BooksAndMoviesTests */,
			);
		};
/* End PBXProject section */

/* Begin PBXResourcesBuildPhase section */
		03A883F41B7E314600E748F5 /* Resources */ = {
			isa = PBXResourcesBuildPhase;
			buildActionMask = 2147483647;
			files = (
				03A884011B7E314600E748F5 /* Main.storyboard in Resources */,
				03A884061B7E314600E748F5 /* LaunchScreen.xib in Resources */,
				03A884031B7E314600E748F5 /* Images.xcassets in Resources */,
			);
			runOnlyForDeploymentPostprocessing = 0;
		};
		03A884091B7E314600E748F5 /* Resources */ = {
			isa = PBXResourcesBuildPhase;
			buildActionMask = 2147483647;
			files = (
			);
			runOnlyForDeploymentPostprocessing = 0;
		};
/* End PBXResourcesBuildPhase section */

/* Begin PBXSourcesBuildPhase section */
		03A883F21B7E314600E748F5 /* Sources */ = {
			isa = PBXSourcesBuildPhase;
			buildActionMask = 2147483647;
			files = (
				03A883FE1B7E314600E748F5 /* ViewController.swift in Sources */,
				03A883FC1B7E314600E748F5 /* AppDelegate.swift in Sources */,
			);
			runOnlyForDeploymentPostprocessing = 0;
		};
		03A884071B7E314600E748F5 /* Sources */ = {
			isa = PBXSourcesBuildPhase;
			buildActionMask = 2147483647;
			files = (
				03A884121B7E314600E748F5 /* BooksAndMoviesTests.swift in Sources */,
			);
			runOnlyForDeploymentPostprocessing = 0;
		};
/* End PBXSourcesBuildPhase section */

/* Begin PBXTargetDependency section */
		03A8840D1B7E314600E748F5 /* PBXTargetDependency */ = {
			isa = PBXTargetDependency;
			target = 03A883F51B7E314600E748F5 /* BooksAndMovies */;
			targetProxy = 03A8840C1B7E314600E748F5 /* PBXContainerItemProxy */;
		};
/* End PBXTargetDependency section */

/* Begin PBXVariantGroup section */
		03A883FF1B7E314600E748F5 /* Main.storyboard */ = {
			isa = PBXVariantGroup;
			children = (
				03A884001B7E314600E748F5 /* Base */,
			);
			name = Main.storyboard;
			sourceTree = "<group>";
		};
		03A884041B7E314600E748F5 /* LaunchScreen.xib */ = {
			isa = PBXVariantGroup;
			children = (
				03A884051B7E314600E748F5 /* Base */,
			);
			name = LaunchScreen.xib;
			sourceTree = "<group>";
		};
/* End PBXVariantGroup section */

/* Begin XCBuildConfiguration section */
		03A884131B7E314600E748F5 /* Debug */ = {
			isa = XCBuildConfiguration;
			buildSettings = {
				ALWAYS_SEARCH_USER_PATHS = NO;
				CLANG_CXX_LANGUAGE_STANDARD = "gnu++0x";
				CLANG_CXX_LIBRARY = "libc++";
				CLANG_ENABLE_MODULES = YES;
				CLANG_ENABLE_OBJC_ARC = YES;
				CLANG_WARN_BOOL_CONVERSION = YES;
				CLANG_WARN_CONSTANT_CONVERSION = YES;
				CLANG_WARN_DIRECT_OBJC_ISA_USAGE = YES_ERROR;
				CLANG_WARN_EMPTY_BODY = YES;
				CLANG_WARN_ENUM_CONVERSION = YES;
				CLANG_WARN_INT_CONVERSION = YES;
				CLANG_WARN_OBJC_ROOT_CLASS = YES_ERROR;
				CLANG_WARN_UNREACHABLE_CODE = YES;
				CLANG_WARN__DUPLICATE_METHOD_MATCH = YES;
				"CODE_SIGN_IDENTITY[sdk=iphoneos*]" = "iPhone Developer";
				COPY_PHASE_STRIP = NO;
				DEBUG_INFORMATION_FORMAT = "dwarf-with-dsym";
				ENABLE_STRICT_OBJC_MSGSEND = YES;
				GCC_C_LANGUAGE_STANDARD = gnu99;
				GCC_DYNAMIC_NO_PIC = NO;
				GCC_NO_COMMON_BLOCKS = YES;
				GCC_OPTIMIZATION_LEVEL = 0;
				GCC_PREPROCESSOR_DEFINITIONS = (
					"DEBUG=1",
					"$(inherited)",
				);
				GCC_SYMBOLS_PRIVATE_EXTERN = NO;
				GCC_WARN_64_TO_32_BIT_CONVERSION = YES;
				GCC_WARN_ABOUT_RETURN_TYPE = YES_ERROR;
				GCC_WARN_UNDECLARED_SELECTOR = YES;
				GCC_WARN_UNINITIALIZED_AUTOS = YES_AGGRESSIVE;
				GCC_WARN_UNUSED_FUNCTION = YES;
				GCC_WARN_UNUSED_VARIABLE = YES;
				IPHONEOS_DEPLOYMENT_TARGET = 8.4;
				MTL_ENABLE_DEBUG_INFO = YES;
				ONLY_ACTIVE_ARCH = YES;
				SDKROOT = iphoneos;
				SWIFT_OPTIMIZATION_LEVEL = "-Onone";
			};
			name = Debug;
		};
		03A884141B7E314600E748F5 /* Release */ = {
			isa = XCBuildConfiguration;
			buildSettings = {
				ALWAYS_SEARCH_USER_PATHS = NO;
				CLANG_CXX_LANGUAGE_STANDARD = "gnu++0x";
				CLANG_CXX_LIBRARY = "libc++";
				CLANG_ENABLE_MODULES = YES;
				CLANG_ENABLE_OBJC_ARC = YES;
				CLANG_WARN_BOOL_CONVERSION = YES;
				CLANG_WARN_CONSTANT_CONVERSION = YES;
				CLANG_WARN_DIRECT_OBJC_ISA_USAGE = YES_ERROR;
				CLANG_WARN_EMPTY_BODY = YES;
				CLANG_WARN_ENUM_CONVERSION = YES;
				CLANG_WARN_INT_CONVERSION = YES;
				CLANG_WARN_OBJC_ROOT_CLASS = YES_ERROR;
				CLANG_WARN_UNREACHABLE_CODE = YES;
				CLANG_WARN__DUPLICATE_METHOD_MATCH = YES;
				"CODE_SIGN_IDENTITY[sdk=iphoneos*]" = "iPhone Developer";
				COPY_PHASE_STRIP = NO;
				DEBUG_INFORMATION_FORMAT = "dwarf-with-dsym";
				ENABLE_NS_ASSERTIONS = NO;
				ENABLE_STRICT_OBJC_MSGSEND = YES;
				GCC_C_LANGUAGE_STANDARD = gnu99;
				GCC_NO_COMMON_BLOCKS = YES;
				GCC_WARN_64_TO_32_BIT_CONVERSION = YES;
				GCC_WARN_ABOUT_RETURN_TYPE = YES_ERROR;
				GCC_WARN_UNDECLARED_SELECTOR = YES;
				GCC_WARN_UNINITIALIZED_AUTOS = YES_AGGRESSIVE;
				GCC_WARN_UNUSED_FUNCTION = YES;
				GCC_WARN_UNUSED_VARIABLE = YES;
				IPHONEOS_DEPLOYMENT_TARGET = 8.4;
				MTL_ENABLE_DEBUG_INFO = NO;
				SDKROOT = iphoneos;
				VALIDATE_PRODUCT = YES;
			};
			name = Release;
		};
		03A884161B7E314600E748F5 /* Debug */ = {
			isa = XCBuildConfiguration;
			buildSettings = {
				ASSETCATALOG_COMPILER_APPICON_NAME = AppIcon;
				INFOPLIST_FILE = BooksAndMovies/Info.plist;
				LD_RUNPATH_SEARCH_PATHS = "$(inherited) @executable_path/Frameworks";
				PRODUCT_NAME = "$(TARGET_NAME)";
			};
			name = Debug;
		};
		03A884171B7E314600E748F5 /* Release */ = {
			isa = XCBuildConfiguration;
			buildSettings = {
				ASSETCATALOG_COMPILER_APPICON_NAME = AppIcon;
				INFOPLIST_FILE = BooksAndMovies/Info.plist;
				LD_RUNPATH_SEARCH_PATHS = "$(inherited) @executable_path/Frameworks";
				PRODUCT_NAME = "$(TARGET_NAME)";
			};
			name = Release;
		};
		03A884191B7E314600E748F5 /* Debug */ = {
			isa = XCBuildConfiguration;
			buildSettings = {
				BUNDLE_LOADER = "$(TEST_HOST)";
				FRAMEWORK_SEARCH_PATHS = (
					"$(SDKROOT)/Developer/Library/Frameworks",
					"$(inherited)",
				);
				GCC_PREPROCESSOR_DEFINITIONS = (
					"DEBUG=1",
					"$(inherited)",
				);
				INFOPLIST_FILE = BooksAndMoviesTests/Info.plist;
				LD_RUNPATH_SEARCH_PATHS = "$(inherited) @executable_path/Frameworks @loader_path/Frameworks";
				PRODUCT_NAME = "$(TARGET_NAME)";
				TEST_HOST = "$(BUILT_PRODUCTS_DIR)/BooksAndMovies.app/BooksAndMovies";
			};
			name = Debug;
		};
		03A8841A1B7E314600E748F5 /* Release */ = {
			isa = XCBuildConfiguration;
			buildSettings = {
				BUNDLE_LOADER = "$(TEST_HOST)";
				FRAMEWORK_SEARCH_PATHS = (
					"$(SDKROOT)/Developer/Library/Frameworks",
					"$(inherited)",
				);
				INFOPLIST_FILE = BooksAndMoviesTests/Info.plist;
				LD_RUNPATH_SEARCH_PATHS = "$(inherited) @executable_path/Frameworks @loader_path/Frameworks";
				PRODUCT_NAME = "$(TARGET_NAME)";
				TEST_HOST = "$(BUILT_PRODUCTS_DIR)/BooksAndMovies.app/BooksAndMovies";
			};
			name = Release;
		};
/* End XCBuildConfiguration section */

/* Begin XCConfigurationList section */
		03A883F11B7E314600E748F5 /* Build configuration list for PBXProject "BooksAndMovies" */ = {
			isa = XCConfigurationList;
			buildConfigurations = (
				03A884131B7E314600E748F5 /* Debug */,
				03A884141B7E314600E748F5 /* Release */,
			);
			defaultConfigurationIsVisible = 0;
			defaultConfigurationName = Release;
		};
		03A884151B7E314600E748F5 /* Build configuration list for PBXNativeTarget "BooksAndMovies" */ = {
			isa = XCConfigurationList;
			buildConfigurations = (
				03A884161B7E314600E748F5 /* Debug */,
				03A884171B7E314600E748F5 /* Release */,
			);
			defaultConfigurationIsVisible = 0;
		};
		03A884181B7E314600E748F5 /* Build configuration list for PBXNativeTarget "BooksAndMoviesTests" */ = {
			isa = XCConfigurationList;
			buildConfigurations = (
				03A884191B7E314600E748F5 /* Debug */,
				03A8841A1B7E314600E748F5 /* Release */,
			);
			defaultConfigurationIsVisible = 0;
		};
/* End XCConfigurationList section */
	};
	rootObject = 03A883EE1B7E314600E748F5 /* Project object */;
}
